
Microsoft Visual Studio Solution File, Format Version 12.00
# Visual Studio 15
VisualStudioVersion = 15.0.28010.2050
MinimumVisualStudioVersion = 10.0.40219.1
Project("{FAE04EC0-301F-11D3-BF4B-00C04F79EFBC}") = "quarto_mjma", "quarto_mjma\quarto_mjma.csproj", "{CBBD7AED-3FF3-4F53-B4C4-F008FFB5563B}"
EndProject
Project("{FAE04EC0-301F-11D3-BF4B-00C04F79EFBC}") = "test de chaque fonction", "test de chaque fonction\test de chaque fonction.csproj", "{624B7978-CB76-473F-B65B-A9C07348DE56}"
EndProject
Global
	GlobalSection(SolutionConfigurationPlatforms) = preSolution
		Debug|Any CPU = Debug|Any CPU
		Release|Any CPU = Release|Any CPU
	EndGlobalSection
	GlobalSection(ProjectConfigurationPlatforms) = postSolution
		{CBBD7AED-3FF3-4F53-B4C4-F008FFB5563B}.Debug|Any CPU.ActiveCfg = Debug|Any CPU
		{CBBD7AED-3FF3-4F53-B4C4-F008FFB5563B}.Debug|Any CPU.Build.0 = Debug|Any CPU
		{CBBD7AED-3FF3-4F53-B4C4-F008FFB5563B}.Release|Any CPU.ActiveCfg = Release|Any CPU
		{CBBD7AED-3FF3-4F53-B4C4-F008FFB5563B}.Release|Any CPU.Build.0 = Release|Any CPU
		{624B7978-CB76-473F-B65B-A9C07348DE56}.Debug|Any CPU.ActiveCfg = Debug|Any CPU
		{624B7978-CB76-473F-B65B-A9C07348DE56}.Debug|Any CPU.Build.0 = Debug|Any CPU
		{624B7978-CB76-473F-B65B-A9C07348DE56}.Release|Any CPU.ActiveCfg = Release|Any CPU
		{624B7978-CB76-473F-B65B-A9C07348DE56}.Release|Any CPU.Build.0 = Release|Any CPU
	EndGlobalSection
	GlobalSection(SolutionProperties) = preSolution
		HideSolutionNode = FALSE
	EndGlobalSection
	GlobalSection(ExtensibilityGlobals) = postSolution
		SolutionGuid = {36B97366-A9B1-4AD5-B6DC-42976A8D19F4}
	EndGlobalSection
EndGlobal
